// !$*UTF8*$!
{
	archiveVersion = 1;
	classes = {
	};
	objectVersion = 56;
	objects = {

/* Begin PBXBuildFile section */
		BD9C780D2C53AB5100A7EEBB /* quizApp.swift in Sources */ = {isa = PBXBuildFile; fileRef = BD9C780C2C53AB5100A7EEBB /* quizApp.swift */; };
		BD9C780F2C53AB5100A7EEBB /* ContentView.swift in Sources */ = {isa = PBXBuildFile; fileRef = BD9C780E2C53AB5100A7EEBB /* ContentView.swift */; };
		BD9C78112C53AB5300A7EEBB /* Assets.xcassets in Resources */ = {isa = PBXBuildFile; fileRef = BD9C78102C53AB5300A7EEBB /* Assets.xcassets */; };
		BD9C78142C53AB5300A7EEBB /* Preview Assets.xcassets in Resources */ = {isa = PBXBuildFile; fileRef = BD9C78132C53AB5300A7EEBB /* Preview Assets.xcassets */; };
		BD9C781E2C53AB5300A7EEBB /* quizTests.swift in Sources */ = {isa = PBXBuildFile; fileRef = BD9C781D2C53AB5300A7EEBB /* quizTests.swift */; };
		BD9C78282C53AB5300A7EEBB /* quizUITests.swift in Sources */ = {isa = PBXBuildFile; fileRef = BD9C78272C53AB5300A7EEBB /* quizUITests.swift */; };
		BD9C782A2C53AB5300A7EEBB /* quizUITestsLaunchTests.swift in Sources */ = {isa = PBXBuildFile; fileRef = BD9C78292C53AB5300A7EEBB /* quizUITestsLaunchTests.swift */; };
		BD9C78372C53AB9600A7EEBB /* q1.swift in Sources */ = {isa = PBXBuildFile; fileRef = BD9C78362C53AB9600A7EEBB /* q1.swift */; };
		BD9C78392C53ABA300A7EEBB /* q2.swift in Sources */ = {isa = PBXBuildFile; fileRef = BD9C78382C53ABA300A7EEBB /* q2.swift */; };
/* End PBXBuildFile section */

/* Begin PBXContainerItemProxy section */
		BD9C781A2C53AB5300A7EEBB /* PBXContainerItemProxy */ = {
			isa = PBXContainerItemProxy;
			containerPortal = BD9C78012C53AB5100A7EEBB /* Project object */;
			proxyType = 1;
			remoteGlobalIDString = BD9C78082C53AB5100A7EEBB;
			remoteInfo = quiz;
		};
		BD9C78242C53AB5300A7EEBB /* PBXContainerItemProxy */ = {
			isa = PBXContainerItemProxy;
			containerPortal = BD9C78012C53AB5100A7EEBB /* Project object */;
			proxyType = 1;
			remoteGlobalIDString = BD9C78082C53AB5100A7EEBB;
			remoteInfo = quiz;
		};
/* End PBXContainerItemProxy section */

/* Begin PBXFileReference section */
		BD9C78092C53AB5100A7EEBB /* quiz.app */ = {isa = PBXFileReference; explicitFileType = wrapper.application; includeInIndex = 0; path = quiz.app; sourceTree = BUILT_PRODUCTS_DIR; };
		BD9C780C2C53AB5100A7EEBB /* quizApp.swift */ = {isa = PBXFileReference; lastKnownFileType = sourcecode.swift; path = quizApp.swift; sourceTree = "<group>"; };
		BD9C780E2C53AB5100A7EEBB /* ContentView.swift */ = {isa = PBXFileReference; lastKnownFileType = sourcecode.swift; path = ContentView.swift; sourceTree = "<group>"; };
		BD9C78102C53AB5300A7EEBB /* Assets.xcassets */ = {isa = PBXFileReference; lastKnownFileType = folder.assetcatalog; path = Assets.xcassets; sourceTree = "<group>"; };
		BD9C78132C53AB5300A7EEBB /* Preview Assets.xcassets */ = {isa = PBXFileReference; lastKnownFileType = folder.assetcatalog; path = "Preview Assets.xcassets"; sourceTree = "<group>"; };
		BD9C78192C53AB5300A7EEBB /* quizTests.xctest */ = {isa = PBXFileReference; explicitFileType = wrapper.cfbundle; includeInIndex = 0; path = quizTests.xctest; sourceTree = BUILT_PRODUCTS_DIR; };
		BD9C781D2C53AB5300A7EEBB /* quizTests.swift */ = {isa = PBXFileReference; lastKnownFileType = sourcecode.swift; path = quizTests.swift; sourceTree = "<group>"; };
		BD9C78232C53AB5300A7EEBB /* quizUITests.xctest */ = {isa = PBXFileReference; explicitFileType = wrapper.cfbundle; includeInIndex = 0; path = quizUITests.xctest; sourceTree = BUILT_PRODUCTS_DIR; };
		BD9C78272C53AB5300A7EEBB /* quizUITests.swift */ = {isa = PBXFileReference; lastKnownFileType = sourcecode.swift; path = quizUITests.swift; sourceTree = "<group>"; };
		BD9C78292C53AB5300A7EEBB /* quizUITestsLaunchTests.swift */ = {isa = PBXFileReference; lastKnownFileType = sourcecode.swift; path = quizUITestsLaunchTests.swift; sourceTree = "<group>"; };
		BD9C78362C53AB9600A7EEBB /* q1.swift */ = {isa = PBXFileReference; lastKnownFileType = sourcecode.swift; path = q1.swift; sourceTree = "<group>"; };
		BD9C78382C53ABA300A7EEBB /* q2.swift */ = {isa = PBXFileReference; lastKnownFileType = sourcecode.swift; path = q2.swift; sourceTree = "<group>"; };
/* End PBXFileReference section */

/* Begin PBXFrameworksBuildPhase section */
		BD9C78062C53AB5100A7EEBB /* Frameworks */ = {
			isa = PBXFrameworksBuildPhase;
			buildActionMask = 2147483647;
			files = (
			);
			runOnlyForDeploymentPostprocessing = 0;
		};
		BD9C78162C53AB5300A7EEBB /* Frameworks */ = {
			isa = PBXFrameworksBuildPhase;
			buildActionMask = 2147483647;
			files = (
			);
			runOnlyForDeploymentPostprocessing = 0;
		};
		BD9C78202C53AB5300A7EEBB /* Frameworks */ = {
			isa = PBXFrameworksBuildPhase;
			buildActionMask = 2147483647;
			files = (
			);
			runOnlyForDeploymentPostprocessing = 0;
		};
/* End PBXFrameworksBuildPhase section */

/* Begin PBXGroup section */
		BD9C78002C53AB5100A7EEBB = {
			isa = PBXGroup;
			children = (
				BD9C780B2C53AB5100A7EEBB /* quiz */,
				BD9C781C2C53AB5300A7EEBB /* quizTests */,
				BD9C78262C53AB5300A7EEBB /* quizUITests */,
				BD9C780A2C53AB5100A7EEBB /* Products */,
			);
			sourceTree = "<group>";
		};
		BD9C780A2C53AB5100A7EEBB /* Products */ = {
			isa = PBXGroup;
			children = (
				BD9C78092C53AB5100A7EEBB /* quiz.app */,
				BD9C78192C53AB5300A7EEBB /* quizTests.xctest */,
				BD9C78232C53AB5300A7EEBB /* quizUITests.xctest */,
			);
			name = Products;
			sourceTree = "<group>";
		};
		BD9C780B2C53AB5100A7EEBB /* quiz */ = {
			isa = PBXGroup;
			children = (
				BD9C780C2C53AB5100A7EEBB /* quizApp.swift */,
				BD9C780E2C53AB5100A7EEBB /* ContentView.swift */,
				BD9C78362C53AB9600A7EEBB /* q1.swift */,
				BD9C78382C53ABA300A7EEBB /* q2.swift */,
				BD9C78102C53AB5300A7EEBB /* Assets.xcassets */,
				BD9C78122C53AB5300A7EEBB /* Preview Content */,
			);
			path = quiz;
			sourceTree = "<group>";
		};
		BD9C78122C53AB5300A7EEBB /* Preview Content */ = {
			isa = PBXGroup;
			children = (
				BD9C78132C53AB5300A7EEBB /* Preview Assets.xcassets */,
			);
			path = "Preview Content";
			sourceTree = "<group>";
		};
		BD9C781C2C53AB5300A7EEBB /* quizTests */ = {
			isa = PBXGroup;
			children = (
				BD9C781D2C53AB5300A7EEBB /* quizTests.swift */,
			);
			path = quizTests;
			sourceTree = "<group>";
		};
		BD9C78262C53AB5300A7EEBB /* quizUITests */ = {
			isa = PBXGroup;
			children = (
				BD9C78272C53AB5300A7EEBB /* quizUITests.swift */,
				BD9C78292C53AB5300A7EEBB /* quizUITestsLaunchTests.swift */,
			);
			path = quizUITests;
			sourceTree = "<group>";
		};
/* End PBXGroup section */

/* Begin PBXNativeTarget section */
		BD9C78082C53AB5100A7EEBB /* quiz */ = {
			isa = PBXNativeTarget;
			buildConfigurationList = BD9C782D2C53AB5300A7EEBB /* Build configuration list for PBXNativeTarget "quiz" */;
			buildPhases = (
				BD9C78052C53AB5100A7EEBB /* Sources */,
				BD9C78062C53AB5100A7EEBB /* Frameworks */,
				BD9C78072C53AB5100A7EEBB /* Resources */,
			);
			buildRules = (
			);
			dependencies = (
			);
			name = quiz;
			productName = quiz;
			productReference = BD9C78092C53AB5100A7EEBB /* quiz.app */;
			productType = "com.apple.product-type.application";
		};
		BD9C78182C53AB5300A7EEBB /* quizTests */ = {
			isa = PBXNativeTarget;
			buildConfigurationList = BD9C78302C53AB5300A7EEBB /* Build configuration list for PBXNativeTarget "quizTests" */;
			buildPhases = (
				BD9C78152C53AB5300A7EEBB /* Sources */,
				BD9C78162C53AB5300A7EEBB /* Frameworks */,
				BD9C78172C53AB5300A7EEBB /* Resources */,
			);
			buildRules = (
			);
			dependencies = (
				BD9C781B2C53AB5300A7EEBB /* PBXTargetDependency */,
			);
			name = quizTests;
			productName = quizTests;
			productReference = BD9C78192C53AB5300A7EEBB /* quizTests.xctest */;
			productType = "com.apple.product-type.bundle.unit-test";
		};
		BD9C78222C53AB5300A7EEBB /* quizUITests */ = {
			isa = PBXNativeTarget;
			buildConfigurationList = BD9C78332C53AB5300A7EEBB /* Build configuration list for PBXNativeTarget "quizUITests" */;
			buildPhases = (
				BD9C781F2C53AB5300A7EEBB /* Sources */,
				BD9C78202C53AB5300A7EEBB /* Frameworks */,
				BD9C78212C53AB5300A7EEBB /* Resources */,
			);
			buildRules = (
			);
			dependencies = (
				BD9C78252C53AB5300A7EEBB /* PBXTargetDependency */,
			);
			name = quizUITests;
			productName = quizUITests;
			productReference = BD9C78232C53AB5300A7EEBB /* quizUITests.xctest */;
			productType = "com.apple.product-type.bundle.ui-testing";
		};
/* End PBXNativeTarget section */

/* Begin PBXProject section */
		BD9C78012C53AB5100A7EEBB /* Project object */ = {
			isa = PBXProject;
			attributes = {
				BuildIndependentTargetsInParallel = 1;
				LastSwiftUpdateCheck = 1540;
				LastUpgradeCheck = 1540;
				TargetAttributes = {
					BD9C78082C53AB5100A7EEBB = {
						CreatedOnToolsVersion = 15.4;
					};
					BD9C78182C53AB5300A7EEBB = {
						CreatedOnToolsVersion = 15.4;
						TestTargetID = BD9C78082C53AB5100A7EEBB;
					};
					BD9C78222C53AB5300A7EEBB = {
						CreatedOnToolsVersion = 15.4;
						TestTargetID = BD9C78082C53AB5100A7EEBB;
					};
				};
			};
			buildConfigurationList = BD9C78042C53AB5100A7EEBB /* Build configuration list for PBXProject "quiz" */;
			compatibilityVersion = "Xcode 14.0";
			developmentRegion = en;
			hasScannedForEncodings = 0;
			knownRegions = (
				en,
				Base,
			);
			mainGroup = BD9C78002C53AB5100A7EEBB;
			productRefGroup = BD9C780A2C53AB5100A7EEBB /* Products */;
			projectDirPath = "";
			projectRoot = "";
			targets = (
				BD9C78082C53AB5100A7EEBB /* quiz */,
				BD9C78182C53AB5300A7EEBB /* quizTests */,
				BD9C78222C53AB5300A7EEBB /* quizUITests */,
			);
		};
/* End PBXProject section */

/* Begin PBXResourcesBuildPhase section */
		BD9C78072C53AB5100A7EEBB /* Resources */ = {
			isa = PBXResourcesBuildPhase;
			buildActionMask = 2147483647;
			files = (
				BD9C78142C53AB5300A7EEBB /* Preview Assets.xcassets in Resources */,
				BD9C78112C53AB5300A7EEBB /* Assets.xcassets in Resources */,
			);
			runOnlyForDeploymentPostprocessing = 0;
		};
		BD9C78172C53AB5300A7EEBB /* Resources */ = {
			isa = PBXResourcesBuildPhase;
			buildActionMask = 2147483647;
			files = (
			);
			runOnlyForDeploymentPostprocessing = 0;
		};
		BD9C78212C53AB5300A7EEBB /* Resources */ = {
			isa = PBXResourcesBuildPhase;
			buildActionMask = 2147483647;
			files = (
			);
			runOnlyForDeploymentPostprocessing = 0;
		};
/* End PBXResourcesBuildPhase section */

/* Begin PBXSourcesBuildPhase section */
		BD9C78052C53AB5100A7EEBB /* Sources */ = {
			isa = PBXSourcesBuildPhase;
			buildActionMask = 2147483647;
			files = (
				BD9C780F2C53AB5100A7EEBB /* ContentView.swift in Sources */,
				BD9C78372C53AB9600A7EEBB /* q1.swift in Sources */,
				BD9C78392C53ABA300A7EEBB /* q2.swift in Sources */,
				BD9C780D2C53AB5100A7EEBB /* quizApp.swift in Sources */,
			);
			runOnlyForDeploymentPostprocessing = 0;
		};
		BD9C78152C53AB5300A7EEBB /* Sources */ = {
			isa = PBXSourcesBuildPhase;
			buildActionMask = 2147483647;
			files = (
				BD9C781E2C53AB5300A7EEBB /* quizTests.swift in Sources */,
			);
			runOnlyForDeploymentPostprocessing = 0;
		};
		BD9C781F2C53AB5300A7EEBB /* Sources */ = {
			isa = PBXSourcesBuildPhase;
			buildActionMask = 2147483647;
			files = (
				BD9C78282C53AB5300A7EEBB /* quizUITests.swift in Sources */,
				BD9C782A2C53AB5300A7EEBB /* quizUITestsLaunchTests.swift in Sources */,
			);
			runOnlyForDeploymentPostprocessing = 0;
		};
/* End PBXSourcesBuildPhase section */

/* Begin PBXTargetDependency section */
		BD9C781B2C53AB5300A7EEBB /* PBXTargetDependency */ = {
			isa = PBXTargetDependency;
			target = BD9C78082C53AB5100A7EEBB /* quiz */;
			targetProxy = BD9C781A2C53AB5300A7EEBB /* PBXContainerItemProxy */;
		};
		BD9C78252C53AB5300A7EEBB /* PBXTargetDependency */ = {
			isa = PBXTargetDependency;
			target = BD9C78082C53AB5100A7EEBB /* quiz */;
			targetProxy = BD9C78242C53AB5300A7EEBB /* PBXContainerItemProxy */;
		};
/* End PBXTargetDependency section */

/* Begin XCBuildConfiguration section */
		BD9C782B2C53AB5300A7EEBB /* Debug */ = {
			isa = XCBuildConfiguration;
			buildSettings = {
				ALWAYS_SEARCH_USER_PATHS = NO;
				ASSETCATALOG_COMPILER_GENERATE_SWIFT_ASSET_SYMBOL_EXTENSIONS = YES;
				CLANG_ANALYZER_NONNULL = YES;
				CLANG_ANALYZER_NUMBER_OBJECT_CONVERSION = YES_AGGRESSIVE;
				CLANG_CXX_LANGUAGE_STANDARD = "gnu++20";
				CLANG_ENABLE_MODULES = YES;
				CLANG_ENABLE_OBJC_ARC = YES;
				CLANG_ENABLE_OBJC_WEAK = YES;
				CLANG_WARN_BLOCK_CAPTURE_AUTORELEASING = YES;
				CLANG_WARN_BOOL_CONVERSION = YES;
				CLANG_WARN_COMMA = YES;
				CLANG_WARN_CONSTANT_CONVERSION = YES;
				CLANG_WARN_DEPRECATED_OBJC_IMPLEMENTATIONS = YES;
				CLANG_WARN_DIRECT_OBJC_ISA_USAGE = YES_ERROR;
				CLANG_WARN_DOCUMENTATION_COMMENTS = YES;
				CLANG_WARN_EMPTY_BODY = YES;
				CLANG_WARN_ENUM_CONVERSION = YES;
				CLANG_WARN_INFINITE_RECURSION = YES;
				CLANG_WARN_INT_CONVERSION = YES;
				CLANG_WARN_NON_LITERAL_NULL_CONVERSION = YES;
				CLANG_WARN_OBJC_IMPLICIT_RETAIN_SELF = YES;
				CLANG_WARN_OBJC_LITERAL_CONVERSION = YES;
				CLANG_WARN_OBJC_ROOT_CLASS = YES_ERROR;
				CLANG_WARN_QUOTED_INCLUDE_IN_FRAMEWORK_HEADER = YES;
				CLANG_WARN_RANGE_LOOP_ANALYSIS = YES;
				CLANG_WARN_STRICT_PROTOTYPES = YES;
				CLANG_WARN_SUSPICIOUS_MOVE = YES;
				CLANG_WARN_UNGUARDED_AVAILABILITY = YES_AGGRESSIVE;
				CLANG_WARN_UNREACHABLE_CODE = YES;
				CLANG_WARN__DUPLICATE_METHOD_MATCH = YES;
				COPY_PHASE_STRIP = NO;
				DEBUG_INFORMATION_FORMAT = dwarf;
				ENABLE_STRICT_OBJC_MSGSEND = YES;
				ENABLE_TESTABILITY = YES;
				ENABLE_USER_SCRIPT_SANDBOXING = YES;
				GCC_C_LANGUAGE_STANDARD = gnu17;
				GCC_DYNAMIC_NO_PIC = NO;
				GCC_NO_COMMON_BLOCKS = YES;
				GCC_OPTIMIZATION_LEVEL = 0;
				GCC_PREPROCESSOR_DEFINITIONS = (
					"DEBUG=1",
					"$(inherited)",
				);
				GCC_WARN_64_TO_32_BIT_CONVERSION = YES;
				GCC_WARN_ABOUT_RETURN_TYPE = YES_ERROR;
				GCC_WARN_UNDECLARED_SELECTOR = YES;
				GCC_WARN_UNINITIALIZED_AUTOS = YES_AGGRESSIVE;
				GCC_WARN_UNUSED_FUNCTION = YES;
				GCC_WARN_UNUSED_VARIABLE = YES;
				IPHONEOS_DEPLOYMENT_TARGET = 17.5;
				LOCALIZATION_PREFERS_STRING_CATALOGS = YES;
				MTL_ENABLE_DEBUG_INFO = INCLUDE_SOURCE;
				MTL_FAST_MATH = YES;
				ONLY_ACTIVE_ARCH = YES;
				SDKROOT = iphoneos;
				SWIFT_ACTIVE_COMPILATION_CONDITIONS = "DEBUG $(inherited)";
				SWIFT_OPTIMIZATION_LEVEL = "-Onone";
			};
			name = Debug;
		};
		BD9C782C2C53AB5300A7EEBB /* Release */ = {
			isa = XCBuildConfiguration;
			buildSettings = {
				ALWAYS_SEARCH_USER_PATHS = NO;
				ASSETCATALOG_COMPILER_GENERATE_SWIFT_ASSET_SYMBOL_EXTENSIONS = YES;
				CLANG_ANALYZER_NONNULL = YES;
				CLANG_ANALYZER_NUMBER_OBJECT_CONVERSION = YES_AGGRESSIVE;
				CLANG_CXX_LANGUAGE_STANDARD = "gnu++20";
				CLANG_ENABLE_MODULES = YES;
				CLANG_ENABLE_OBJC_ARC = YES;
				CLANG_ENABLE_OBJC_WEAK = YES;
				CLANG_WARN_BLOCK_CAPTURE_AUTORELEASING = YES;
				CLANG_WARN_BOOL_CONVERSION = YES;
				CLANG_WARN_COMMA = YES;
				CLANG_WARN_CONSTANT_CONVERSION = YES;
				CLANG_WARN_DEPRECATED_OBJC_IMPLEMENTATIONS = YES;
				CLANG_WARN_DIRECT_OBJC_ISA_USAGE = YES_ERROR;
				CLANG_WARN_DOCUMENTATION_COMMENTS = YES;
				CLANG_WARN_EMPTY_BODY = YES;
				CLANG_WARN_ENUM_CONVERSION = YES;
				CLANG_WARN_INFINITE_RECURSION = YES;
				CLANG_WARN_INT_CONVERSION = YES;
				CLANG_WARN_NON_LITERAL_NULL_CONVERSION = YES;
				CLANG_WARN_OBJC_IMPLICIT_RETAIN_SELF = YES;
				CLANG_WARN_OBJC_LITERAL_CONVERSION = YES;
				CLANG_WARN_OBJC_ROOT_CLASS = YES_ERROR;
				CLANG_WARN_QUOTED_INCLUDE_IN_FRAMEWORK_HEADER = YES;
				CLANG_WARN_RANGE_LOOP_ANALYSIS = YES;
				CLANG_WARN_STRICT_PROTOTYPES = YES;
				CLANG_WARN_SUSPICIOUS_MOVE = YES;
				CLANG_WARN_UNGUARDED_AVAILABILITY = YES_AGGRESSIVE;
				CLANG_WARN_UNREACHABLE_CODE = YES;
				CLANG_WARN__DUPLICATE_METHOD_MATCH = YES;
				COPY_PHASE_STRIP = NO;
				DEBUG_INFORMATION_FORMAT = "dwarf-with-dsym";
				ENABLE_NS_ASSERTIONS = NO;
				ENABLE_STRICT_OBJC_MSGSEND = YES;
				ENABLE_USER_SCRIPT_SANDBOXING = YES;
				GCC_C_LANGUAGE_STANDARD = gnu17;
				GCC_NO_COMMON_BLOCKS = YES;
				GCC_WARN_64_TO_32_BIT_CONVERSION = YES;
				GCC_WARN_ABOUT_RETURN_TYPE = YES_ERROR;
				GCC_WARN_UNDECLARED_SELECTOR = YES;
				GCC_WARN_UNINITIALIZED_AUTOS = YES_AGGRESSIVE;
				GCC_WARN_UNUSED_FUNCTION = YES;
				GCC_WARN_UNUSED_VARIABLE = YES;
				IPHONEOS_DEPLOYMENT_TARGET = 17.5;
				LOCALIZATION_PREFERS_STRING_CATALOGS = YES;
				MTL_ENABLE_DEBUG_INFO = NO;
				MTL_FAST_MATH = YES;
				SDKROOT = iphoneos;
				SWIFT_COMPILATION_MODE = wholemodule;
				VALIDATE_PRODUCT = YES;
			};
			name = Release;
		};
		BD9C782E2C53AB5300A7EEBB /* Debug */ = {
			isa = XCBuildConfiguration;
			buildSettings = {
				ASSETCATALOG_COMPILER_APPICON_NAME = AppIcon;
				ASSETCATALOG_COMPILER_GLOBAL_ACCENT_COLOR_NAME = AccentColor;
				CODE_SIGN_STYLE = Automatic;
				CURRENT_PROJECT_VERSION = 1;
				DEVELOPMENT_ASSET_PATHS = "\"quiz/Preview Content\"";
				ENABLE_PREVIEWS = YES;
				GENERATE_INFOPLIST_FILE = YES;
				INFOPLIST_KEY_UIApplicationSceneManifest_Generation = YES;
				INFOPLIST_KEY_UIApplicationSupportsIndirectInputEvents = YES;
				INFOPLIST_KEY_UILaunchScreen_Generation = YES;
				INFOPLIST_KEY_UISupportedInterfaceOrientations_iPad = "UIInterfaceOrientationPortrait UIInterfaceOrientationPortraitUpsideDown UIInterfaceOrientationLandscapeLeft UIInterfaceOrientationLandscapeRight";
				INFOPLIST_KEY_UISupportedInterfaceOrientations_iPhone = "UIInterfaceOrientationPortrait UIInterfaceOrientationLandscapeLeft UIInterfaceOrientationLandscapeRight";
				LD_RUNPATH_SEARCH_PATHS = (
					"$(inherited)",
					"@executable_path/Frameworks",
				);
				MARKETING_VERSION = 1.0;
				PRODUCT_BUNDLE_IDENTIFIER = KWK.quiz;
				PRODUCT_NAME = "$(TARGET_NAME)";
				SWIFT_EMIT_LOC_STRINGS = YES;
				SWIFT_VERSION = 5.0;
				TARGETED_DEVICE_FAMILY = "1,2";
			};
			name = Debug;
		};
		BD9C782F2C53AB5300A7EEBB /* Release */ = {
			isa = XCBuildConfiguration;
			buildSettings = {
				ASSETCATALOG_COMPILER_APPICON_NAME = AppIcon;
				ASSETCATALOG_COMPILER_GLOBAL_ACCENT_COLOR_NAME = AccentColor;
				CODE_SIGN_STYLE = Automatic;
				CURRENT_PROJECT_VERSION = 1;
				DEVELOPMENT_ASSET_PATHS = "\"quiz/Preview Content\"";
				ENABLE_PREVIEWS = YES;
				GENERATE_INFOPLIST_FILE = YES;
				INFOPLIST_KEY_UIApplicationSceneManifest_Generation = YES;
				INFOPLIST_KEY_UIApplicationSupportsIndirectInputEvents = YES;
				INFOPLIST_KEY_UILaunchScreen_Generation = YES;
				INFOPLIST_KEY_UISupportedInterfaceOrientations_iPad = "UIInterfaceOrientationPortrait UIInterfaceOrientationPortraitUpsideDown UIInterfaceOrientationLandscapeLeft UIInterfaceOrientationLandscapeRight";
				INFOPLIST_KEY_UISupportedInterfaceOrientations_iPhone = "UIInterfaceOrientationPortrait UIInterfaceOrientationLandscapeLeft UIInterfaceOrientationLandscapeRight";
				LD_RUNPATH_SEARCH_PATHS = (
					"$(inherited)",
					"@executable_path/Frameworks",
				);
				MARKETING_VERSION = 1.0;
				PRODUCT_BUNDLE_IDENTIFIER = KWK.quiz;
				PRODUCT_NAME = "$(TARGET_NAME)";
				SWIFT_EMIT_LOC_STRINGS = YES;
				SWIFT_VERSION = 5.0;
				TARGETED_DEVICE_FAMILY = "1,2";
			};
			name = Release;
		};
		BD9C78312C53AB5300A7EEBB /* Debug */ = {
			isa = XCBuildConfiguration;
			buildSettings = {
				ALWAYS_EMBED_SWIFT_STANDARD_LIBRARIES = YES;
				BUNDLE_LOADER = "$(TEST_HOST)";
				CODE_SIGN_STYLE = Automatic;
				CURRENT_PROJECT_VERSION = 1;
				GENERATE_INFOPLIST_FILE = YES;
				IPHONEOS_DEPLOYMENT_TARGET = 17.5;
				MARKETING_VERSION = 1.0;
				PRODUCT_BUNDLE_IDENTIFIER = KWK.quizTests;
				PRODUCT_NAME = "$(TARGET_NAME)";
				SWIFT_EMIT_LOC_STRINGS = NO;
				SWIFT_VERSION = 5.0;
				TARGETED_DEVICE_FAMILY = "1,2";
				TEST_HOST = "$(BUILT_PRODUCTS_DIR)/quiz.app/$(BUNDLE_EXECUTABLE_FOLDER_PATH)/quiz";
			};
			name = Debug;
		};
		BD9C78322C53AB5300A7EEBB /* Release */ = {
			isa = XCBuildConfiguration;
			buildSettings = {
				ALWAYS_EMBED_SWIFT_STANDARD_LIBRARIES = YES;
				BUNDLE_LOADER = "$(TEST_HOST)";
				CODE_SIGN_STYLE = Automatic;
				CURRENT_PROJECT_VERSION = 1;
				GENERATE_INFOPLIST_FILE = YES;
				IPHONEOS_DEPLOYMENT_TARGET = 17.5;
				MARKETING_VERSION = 1.0;
				PRODUCT_BUNDLE_IDENTIFIER = KWK.quizTests;
				PRODUCT_NAME = "$(TARGET_NAME)";
				SWIFT_EMIT_LOC_STRINGS = NO;
				SWIFT_VERSION = 5.0;
				TARGETED_DEVICE_FAMILY = "1,2";
				TEST_HOST = "$(BUILT_PRODUCTS_DIR)/quiz.app/$(BUNDLE_EXECUTABLE_FOLDER_PATH)/quiz";
			};
			name = Release;
		};
		BD9C78342C53AB5300A7EEBB /* Debug */ = {
			isa = XCBuildConfiguration;
			buildSettings = {
				ALWAYS_EMBED_SWIFT_STANDARD_LIBRARIES = YES;
				CODE_SIGN_STYLE = Automatic;
				CURRENT_PROJECT_VERSION = 1;
				GENERATE_INFOPLIST_FILE = YES;
				MARKETING_VERSION = 1.0;
				PRODUCT_BUNDLE_IDENTIFIER = KWK.quizUITests;
				PRODUCT_NAME = "$(TARGET_NAME)";
				SWIFT_EMIT_LOC_STRINGS = NO;
				SWIFT_VERSION = 5.0;
				TARGETED_DEVICE_FAMILY = "1,2";
				TEST_TARGET_NAME = quiz;
			};
			name = Debug;
		};
		BD9C78352C53AB5300A7EEBB /* Release */ = {
			isa = XCBuildConfiguration;
			buildSettings = {
				ALWAYS_EMBED_SWIFT_STANDARD_LIBRARIES = YES;
				CODE_SIGN_STYLE = Automatic;
				CURRENT_PROJECT_VERSION = 1;
				GENERATE_INFOPLIST_FILE = YES;
				MARKETING_VERSION = 1.0;
				PRODUCT_BUNDLE_IDENTIFIER = KWK.quizUITests;
				PRODUCT_NAME = "$(TARGET_NAME)";
				SWIFT_EMIT_LOC_STRINGS = NO;
				SWIFT_VERSION = 5.0;
				TARGETED_DEVICE_FAMILY = "1,2";
				TEST_TARGET_NAME = quiz;
			};
			name = Release;
		};
/* End XCBuildConfiguration section */

/* Begin XCConfigurationList section */
		BD9C78042C53AB5100A7EEBB /* Build configuration list for PBXProject "quiz" */ = {
			isa = XCConfigurationList;
			buildConfigurations = (
				BD9C782B2C53AB5300A7EEBB /* Debug */,
				BD9C782C2C53AB5300A7EEBB /* Release */,
			);
			defaultConfigurationIsVisible = 0;
			defaultConfigurationName = Release;
		};
		BD9C782D2C53AB5300A7EEBB /* Build configuration list for PBXNativeTarget "quiz" */ = {
			isa = XCConfigurationList;
			buildConfigurations = (
				BD9C782E2C53AB5300A7EEBB /* Debug */,
				BD9C782F2C53AB5300A7EEBB /* Release */,
			);
			defaultConfigurationIsVisible = 0;
			defaultConfigurationName = Release;
		};
		BD9C78302C53AB5300A7EEBB /* Build configuration list for PBXNativeTarget "quizTests" */ = {
			isa = XCConfigurationList;
			buildConfigurations = (
				BD9C78312C53AB5300A7EEBB /* Debug */,
				BD9C78322C53AB5300A7EEBB /* Release */,
			);
			defaultConfigurationIsVisible = 0;
			defaultConfigurationName = Release;
		};
		BD9C78332C53AB5300A7EEBB /* Build configuration list for PBXNativeTarget "quizUITests" */ = {
			isa = XCConfigurationList;
			buildConfigurations = (
				BD9C78342C53AB5300A7EEBB /* Debug */,
				BD9C78352C53AB5300A7EEBB /* Release */,
			);
			defaultConfigurationIsVisible = 0;
			defaultConfigurationName = Release;
		};
/* End XCConfigurationList section */
	};
	rootObject = BD9C78012C53AB5100A7EEBB /* Project object */;
}
